
Microsoft Visual Studio Solution File, Format Version 12.00
# Visual Studio Version 16
VisualStudioVersion = 16.0.31515.178
MinimumVisualStudioVersion = 10.0.40219.1
Project("{FAE04EC0-301F-11D3-BF4B-00C04F79EFBC}") = "WebIteraAPI", "WebIteraAPI\WebIteraAPI.csproj", "{CE2D002E-BABE-400C-AEC2-F8F9E051AB9E}"
EndProject
Global
	GlobalSection(SolutionConfigurationPlatforms) = preSolution
		Debug|Any CPU = Debug|Any CPU
		Release|Any CPU = Release|Any CPU
	EndGlobalSection
	GlobalSection(ProjectConfigurationPlatforms) = postSolution
		{CE2D002E-BABE-400C-AEC2-F8F9E051AB9E}.Debug|Any CPU.ActiveCfg = Debug|Any CPU
		{CE2D002E-BABE-400C-AEC2-F8F9E051AB9E}.Debug|Any CPU.Build.0 = Debug|Any CPU
		{CE2D002E-BABE-400C-AEC2-F8F9E051AB9E}.Release|Any CPU.ActiveCfg = Release|Any CPU
		{CE2D002E-BABE-400C-AEC2-F8F9E051AB9E}.Release|Any CPU.Build.0 = Release|Any CPU
	EndGlobalSection
	GlobalSection(SolutionProperties) = preSolution
		HideSolutionNode = FALSE
	EndGlobalSection
	GlobalSection(ExtensibilityGlobals) = postSolution
		SolutionGuid = {FFB417BE-EABD-472C-B5B8-6536D05ED006}
	EndGlobalSection
EndGlobal
